// !$*UTF8*$!
{
	archiveVersion = 1;
	classes = {
	};
	objectVersion = 56;
	objects = {

/* Begin PBXBuildFile section */
		B70A000000000000000000A1 /* AntiProcrastinatorApp.swift in Sources */ = {isa = PBXBuildFile; fileRef = B70A000000000000000000B1 /* AntiProcrastinatorApp.swift */; };
		B70A000000000000000000A2 /* ContentView.swift in Sources */ = {isa = PBXBuildFile; fileRef = B70A000000000000000000B2 /* ContentView.swift */; };
		B70A000000000000000000A3 /* Models.swift in Sources */ = {isa = PBXBuildFile; fileRef = B70A000000000000000000B3 /* Models.swift */; };
		B70A000000000000000000A4 /* SwipeNavigationView.swift in Sources */ = {isa = PBXBuildFile; fileRef = B70A000000000000000000B4 /* SwipeNavigationView.swift */; };
		B70A000000000000000000A5 /* StorageService.swift in Sources */ = {isa = PBXBuildFile; fileRef = B70A000000000000000000B5 /* StorageService.swift */; };
		B70A000000000000000000A6 /* WeatherService.swift in Sources */ = {isa = PBXBuildFile; fileRef = B70A000000000000000000B6 /* WeatherService.swift */; };
		B70A000000000000000000A7 /* AppTheme.swift in Sources */ = {isa = PBXBuildFile; fileRef = B70A000000000000000000B7 /* AppTheme.swift */; };
		B70A000000000000000000A8 /* HapticManager.swift in Sources */ = {isa = PBXBuildFile; fileRef = B70A000000000000000000B8 /* HapticManager.swift */; };
		B70A000000000000000000A9 /* TodoViewModel.swift in Sources */ = {isa = PBXBuildFile; fileRef = B70A000000000000000000B9 /* TodoViewModel.swift */; };
		B70A000000000000000000AA /* CalendarView.swift in Sources */ = {isa = PBXBuildFile; fileRef = B70A000000000000000000BA /* CalendarView.swift */; };
		B70A000000000000000000AB /* OverviewView.swift in Sources */ = {isa = PBXBuildFile; fileRef = B70A000000000000000000BB /* OverviewView.swift */; };
		B70A000000000000000000AC /* SummaryView.swift in Sources */ = {isa = PBXBuildFile; fileRef = B70A000000000000000000BC /* SummaryView.swift */; };
		B70A000000000000000000AD /* TodoView.swift in Sources */ = {isa = PBXBuildFile; fileRef = B70A000000000000000000BD /* TodoView.swift */; };
		B70A000000000000000000AE /* VisualizationsView.swift in Sources */ = {isa = PBXBuildFile; fileRef = B70A000000000000000000BE /* VisualizationsView.swift */; };
/* End PBXBuildFile section */

/* Begin PBXFileReference section */
		B70A000000000000000000B1 /* AntiProcrastinatorApp.swift */ = {isa = PBXFileReference; lastKnownFileType = sourcecode.swift; path = AntiProcrastinatorApp.swift; sourceTree = "<group>"; };
		B70A000000000000000000B2 /* ContentView.swift */ = {isa = PBXFileReference; lastKnownFileType = sourcecode.swift; path = ContentView.swift; sourceTree = "<group>"; };
		B70A000000000000000000B3 /* Models.swift */ = {isa = PBXFileReference; lastKnownFileType = sourcecode.swift; path = Models.swift; sourceTree = "<group>"; };
		B70A000000000000000000B4 /* SwipeNavigationView.swift */ = {isa = PBXFileReference; lastKnownFileType = sourcecode.swift; path = SwipeNavigationView.swift; sourceTree = "<group>"; };
		B70A000000000000000000B5 /* StorageService.swift */ = {isa = PBXFileReference; lastKnownFileType = sourcecode.swift; path = StorageService.swift; sourceTree = "<group>"; };
		B70A000000000000000000B6 /* WeatherService.swift */ = {isa = PBXFileReference; lastKnownFileType = sourcecode.swift; path = WeatherService.swift; sourceTree = "<group>"; };
		B70A000000000000000000B7 /* AppTheme.swift */ = {isa = PBXFileReference; lastKnownFileType = sourcecode.swift; path = AppTheme.swift; sourceTree = "<group>"; };
		B70A000000000000000000B8 /* HapticManager.swift */ = {isa = PBXFileReference; lastKnownFileType = sourcecode.swift; path = HapticManager.swift; sourceTree = "<group>"; };
		B70A000000000000000000B9 /* TodoViewModel.swift */ = {isa = PBXFileReference; lastKnownFileType = sourcecode.swift; path = TodoViewModel.swift; sourceTree = "<group>"; };
		B70A000000000000000000BA /* CalendarView.swift */ = {isa = PBXFileReference; lastKnownFileType = sourcecode.swift; path = CalendarView.swift; sourceTree = "<group>"; };
		B70A000000000000000000BB /* OverviewView.swift */ = {isa = PBXFileReference; lastKnownFileType = sourcecode.swift; path = OverviewView.swift; sourceTree = "<group>"; };
		B70A000000000000000000BC /* SummaryView.swift */ = {isa = PBXFileReference; lastKnownFileType = sourcecode.swift; path = SummaryView.swift; sourceTree = "<group>"; };
		B70A000000000000000000BD /* TodoView.swift */ = {isa = PBXFileReference; lastKnownFileType = sourcecode.swift; path = TodoView.swift; sourceTree = "<group>"; };
		B70A000000000000000000BE /* VisualizationsView.swift */ = {isa = PBXFileReference; lastKnownFileType = sourcecode.swift; path = VisualizationsView.swift; sourceTree = "<group>"; };
		B70A000000000000000000F0 /* AntiProcrastinator.app */ = {isa = PBXFileReference; explicitFileType = wrapper.application; includeInIndex = 0; path = AntiProcrastinator.app; sourceTree = BUILT_PRODUCTS_DIR; };
/* End PBXFileReference section */

/* Begin PBXFrameworksBuildPhase section */
		B70A000000000000000000E1 /* Frameworks */ = {
			isa = PBXFrameworksBuildPhase;
			buildActionMask = 2147483647;
			files = (
			);
			runOnlyForDeploymentPostprocessing = 0;
		};
/* End PBXFrameworksBuildPhase section */

/* Begin PBXGroup section */
		B70A000000000000000000C0 /* = root = */ = {
			isa = PBXGroup;
			children = (
				B70A000000000000000000C1 /* AntiProcrastinator */,
				B70A000000000000000000CF /* Products */,
			);
			sourceTree = "<group>";
		};
		B70A000000000000000000CF /* Products */ = {
			isa = PBXGroup;
			children = (
				B70A000000000000000000F0 /* AntiProcrastinator.app */,
			);
			name = Products;
			sourceTree = "<group>";
		};
		B70A000000000000000000C1 /* AntiProcrastinator */ = {
			isa = PBXGroup;
			children = (
				B70A000000000000000000B1 /* AntiProcrastinatorApp.swift */,
				B70A000000000000000000B2 /* ContentView.swift */,
				B70A000000000000000000C2 /* Components */,
				B70A000000000000000000C3 /* Models */,
				B70A000000000000000000C4 /* Navigation */,
				B70A000000000000000000C5 /* Services */,
				B70A000000000000000000C6 /* Theme */,
				B70A000000000000000000C7 /* Utilities */,
				B70A000000000000000000C8 /* ViewModels */,
				B70A000000000000000000C9 /* Views */,
			);
			path = AntiProcrastinator;
			sourceTree = "<group>";
		};
		B70A000000000000000000C2 /* Components */ = {
			isa = PBXGroup;
			children = (
			);
			path = Components;
			sourceTree = "<group>";
		};
		B70A000000000000000000C3 /* Models */ = {
			isa = PBXGroup;
			children = (
				B70A000000000000000000B3 /* Models.swift */,
			);
			path = Models;
			sourceTree = "<group>";
		};
		B70A000000000000000000C4 /* Navigation */ = {
			isa = PBXGroup;
			children = (
				B70A000000000000000000B4 /* SwipeNavigationView.swift */,
			);
			path = Navigation;
			sourceTree = "<group>";
		};
		B70A000000000000000000C5 /* Services */ = {
			isa = PBXGroup;
			children = (
				B70A000000000000000000B5 /* StorageService.swift */,
				B70A000000000000000000B6 /* WeatherService.swift */,
			);
			path = Services;
			sourceTree = "<group>";
		};
		B70A000000000000000000C6 /* Theme */ = {
			isa = PBXGroup;
			children = (
				B70A000000000000000000B7 /* AppTheme.swift */,
			);
			path = Theme;
			sourceTree = "<group>";
		};
		B70A000000000000000000C7 /* Utilities */ = {
			isa = PBXGroup;
			children = (
				B70A000000000000000000B8 /* HapticManager.swift */,
			);
			path = Utilities;
			sourceTree = "<group>";
		};
		B70A000000000000000000C8 /* ViewModels */ = {
			isa = PBXGroup;
			children = (
				B70A000000000000000000B9 /* TodoViewModel.swift */,
			);
			path = ViewModels;
			sourceTree = "<group>";
		};
		B70A000000000000000000C9 /* Views */ = {
			isa = PBXGroup;
			children = (
				B70A000000000000000000BA /* CalendarView.swift */,
				B70A000000000000000000BB /* OverviewView.swift */,
				B70A000000000000000000BC /* SummaryView.swift */,
				B70A000000000000000000BD /* TodoView.swift */,
				B70A000000000000000000BE /* VisualizationsView.swift */,
			);
			path = Views;
			sourceTree = "<group>";
		};
/* End PBXGroup section */

/* Begin PBXNativeTarget section */
		B70A000000000000000000D0 /* AntiProcrastinator */ = {
			isa = PBXNativeTarget;
			buildConfigurationList = B70A000000000000000000D4 /* Build configuration list for PBXNativeTarget "AntiProcrastinator" */;
			buildPhases = (
				B70A000000000000000000E0 /* Sources */,
				B70A000000000000000000E1 /* Frameworks */,
				B70A000000000000000000E2 /* Resources */,
			);
			buildRules = (
			);
			dependencies = (
			);
			name = AntiProcrastinator;
			productName = AntiProcrastinator;
			productReference = B70A000000000000000000F0 /* AntiProcrastinator.app */;
			productType = "com.apple.product-type.application";
		};
/* End PBXNativeTarget section */

/* Begin PBXProject section */
		B70A000000000000000000D1 /* Project object */ = {
			isa = PBXProject;
			attributes = {
				BuildIndependentTargetsInParallel = 1;
				LastSwiftUpdateCheck = 1540;
				LastUpgradeCheck = 1540;
				TargetAttributes = {
					B70A000000000000000000D0 = {
						CreatedOnToolsVersion = 15.4;
					};
				};
			};
			buildConfigurationList = B70A000000000000000000D3 /* Build configuration list for PBXProject "AntiProcrastinator" */;
			compatibilityVersion = "Xcode 14.0";
			developmentRegion = en;
			hasScannedForEncodings = 0;
			knownRegions = (
				en,
				Base,
				de,
			);
			mainGroup = B70A000000000000000000C0;
			productRefGroup = B70A000000000000000000CF /* Products */;
			projectDirPath = "";
			projectRoot = "";
			targets = (
				B70A000000000000000000D0 /* AntiProcrastinator */,
			);
		};
/* End PBXProject section */

/* Begin PBXResourcesBuildPhase section */
		B70A000000000000000000E2 /* Resources */ = {
			isa = PBXResourcesBuildPhase;
			buildActionMask = 2147483647;
			files = (
			);
			runOnlyForDeploymentPostprocessing = 0;
		};
/* End PBXResourcesBuildPhase section */

/* Begin PBXSourcesBuildPhase section */
		B70A000000000000000000E0 /* Sources */ = {
			isa = PBXSourcesBuildPhase;
			buildActionMask = 2147483647;
			files = (
				B70A000000000000000000A1 /* AntiProcrastinatorApp.swift in Sources */,
				B70A000000000000000000A2 /* ContentView.swift in Sources */,
				B70A000000000000000000A3 /* Models.swift in Sources */,
				B70A000000000000000000A4 /* SwipeNavigationView.swift in Sources */,
				B70A000000000000000000A5 /* StorageService.swift in Sources */,
				B70A000000000000000000A6 /* WeatherService.swift in Sources */,
				B70A000000000000000000A7 /* AppTheme.swift in Sources */,
				B70A000000000000000000A8 /* HapticManager.swift in Sources */,
				B70A000000000000000000A9 /* TodoViewModel.swift in Sources */,
				B70A000000000000000000AA /* CalendarView.swift in Sources */,
				B70A000000000000000000AB /* OverviewView.swift in Sources */,
				B70A000000000000000000AC /* SummaryView.swift in Sources */,
				B70A000000000000000000AD /* TodoView.swift in Sources */,
				B70A000000000000000000AE /* VisualizationsView.swift in Sources */,
			);
			runOnlyForDeploymentPostprocessing = 0;
		};
/* End PBXSourcesBuildPhase section */

/* Begin XCBuildConfiguration section */
		B70A0000000000000000DD01 /* Debug */ = {
			isa = XCBuildConfiguration;
			buildSettings = {
				ALWAYS_SEARCH_USER_PATHS = NO;
				ASSETCATALOG_COMPILER_GENERATE_SWIFT_ASSET_SYMBOL_EXTENSIONS = YES;
				CLANG_ANALYZER_NONNULL = YES;
				CLANG_ANALYZER_NUMBER_OBJECT_CONVERSION = YES_AGGRESSIVE;
				CLANG_CXX_LANGUAGE_STANDARD = "gnu++20";
				CLANG_ENABLE_MODULES = YES;
				CLANG_ENABLE_OBJC_ARC = YES;
				CLANG_ENABLE_OBJC_WEAK = YES;
				CLANG_WARN_BLOCK_CAPTURE_AUTORELEASING = YES;
				CLANG_WARN_BOOL_CONVERSION = YES;
				CLANG_WARN_COMMA = YES;
				CLANG_WARN_CONSTANT_CONVERSION = YES;
				CLANG_WARN_DEPRECATED_OBJC_IMPLEMENTATIONS = YES;
				CLANG_WARN_DIRECT_OBJC_ISA_USAGE = YES_ERROR;
				CLANG_WARN_DOCUMENTATION_COMMENTS = YES;
				CLANG_WARN_EMPTY_BODY = YES;
				CLANG_WARN_ENUM_CONVERSION = YES;
				CLANG_WARN_INFINITE_RECURSION = YES;
				CLANG_WARN_INT_CONVERSION = YES;
				CLANG_WARN_NON_LITERAL_NULL_CONVERSION = YES;
				CLANG_WARN_OBJC_IMPLICIT_RETAIN_SELF = YES;
				CLANG_WARN_OBJC_LITERAL_CONVERSION = YES;
				CLANG_WARN_OBJC_ROOT_CLASS = YES_ERROR;
				CLANG_WARN_QUOTED_INCLUDE_IN_FRAMEWORK_HEADER = YES;
				CLANG_WARN_RANGE_LOOP_ANALYSIS = YES;
				CLANG_WARN_STRICT_PROTOTYPES = YES;
				CLANG_WARN_SUSPICIOUS_MOVE = YES;
				CLANG_WARN_UNGUARDED_AVAILABILITY = YES_AGGRESSIVE;
				CLANG_WARN_UNREACHABLE_CODE = YES;
				CLANG_WARN__DUPLICATE_METHOD_MATCH = YES;
				COPY_PHASE_STRIP = NO;
				DEBUG_INFORMATION_FORMAT = dwarf;
				ENABLE_STRICT_OBJC_MSGSEND = YES;
				ENABLE_TESTABILITY = YES;
				ENABLE_USER_SCRIPT_SANDBOXING = YES;
				GCC_C_LANGUAGE_STANDARD = gnu17;
				GCC_DYNAMIC_NO_PIC = NO;
				GCC_NO_COMMON_BLOCKS = YES;
				GCC_OPTIMIZATION_LEVEL = 0;
				GCC_PREPROCESSOR_DEFINITIONS = (
					"DEBUG=1",
					"$(inherited)",
				);
				GCC_WARN_64_TO_32_BIT_CONVERSION = YES;
				GCC_WARN_ABOUT_RETURN_TYPE = YES_ERROR;
				GCC_WARN_UNDECLARED_SELECTOR = YES;
				GCC_WARN_UNINITIALIZED_AUTOS = YES_AGGRESSIVE;
				GCC_WARN_UNUSED_FUNCTION = YES;
				GCC_WARN_UNUSED_VARIABLE = YES;
				IPHONEOS_DEPLOYMENT_TARGET = 16.0;
				LOCALIZATION_PREFERS_STRING_CATALOGS = YES;
				MTL_ENABLE_DEBUG_INFO = INCLUDE_SOURCE;
				MTL_FAST_MATH = YES;
				ONLY_ACTIVE_ARCH = YES;
				SDKROOT = iphoneos;
				SWIFT_ACTIVE_COMPILATION_CONDITIONS = "DEBUG $(inherited)";
				SWIFT_OPTIMIZATION_LEVEL = "-Onone";
			};
			name = Debug;
		};
		B70A0000000000000000DD02 /* Release */ = {
			isa = XCBuildConfiguration;
			buildSettings = {
				ALWAYS_SEARCH_USER_PATHS = NO;
				ASSETCATALOG_COMPILER_GENERATE_SWIFT_ASSET_SYMBOL_EXTENSIONS = YES;
				CLANG_ANALYZER_NONNULL = YES;
				CLANG_ANALYZER_NUMBER_OBJECT_CONVERSION = YES_AGGRESSIVE;
				CLANG_CXX_LANGUAGE_STANDARD = "gnu++20";
				CLANG_ENABLE_MODULES = YES;
				CLANG_ENABLE_OBJC_ARC = YES;
				CLANG_ENABLE_OBJC_WEAK = YES;
				CLANG_WARN_BLOCK_CAPTURE_AUTORELEASING = YES;
				CLANG_WARN_BOOL_CONVERSION = YES;
				CLANG_WARN_COMMA = YES;
				CLANG_WARN_CONSTANT_CONVERSION = YES;
				CLANG_WARN_DEPRECATED_OBJC_IMPLEMENTATIONS = YES;
				CLANG_WARN_DIRECT_OBJC_ISA_USAGE = YES_ERROR;
				CLANG_WARN_DOCUMENTATION_COMMENTS = YES;
				CLANG_WARN_EMPTY_BODY = YES;
				CLANG_WARN_ENUM_CONVERSION = YES;
				CLANG_WARN_INFINITE_RECURSION = YES;
				CLANG_WARN_INT_CONVERSION = YES;
				CLANG_WARN_NON_LITERAL_NULL_CONVERSION = YES;
				CLANG_WARN_OBJC_IMPLICIT_RETAIN_SELF = YES;
				CLANG_WARN_OBJC_LITERAL_CONVERSION = YES;
				CLANG_WARN_OBJC_ROOT_CLASS = YES_ERROR;
				CLANG_WARN_QUOTED_INCLUDE_IN_FRAMEWORK_HEADER = YES;
				CLANG_WARN_RANGE_LOOP_ANALYSIS = YES;
				CLANG_WARN_STRICT_PROTOTYPES = YES;
				CLANG_WARN_SUSPICIOUS_MOVE = YES;
				CLANG_WARN_UNGUARDED_AVAILABILITY = YES_AGGRESSIVE;
				CLANG_WARN_UNREACHABLE_CODE = YES;
				CLANG_WARN__DUPLICATE_METHOD_MATCH = YES;
				COPY_PHASE_STRIP = NO;
				DEBUG_INFORMATION_FORMAT = "dwarf-with-dsym";
				ENABLE_NS_ASSERTIONS = NO;
				ENABLE_STRICT_OBJC_MSGSEND = YES;
				ENABLE_USER_SCRIPT_SANDBOXING = YES;
				GCC_C_LANGUAGE_STANDARD = gnu17;
				GCC_NO_COMMON_BLOCKS = YES;
				GCC_WARN_64_TO_32_BIT_CONVERSION = YES;
				GCC_WARN_ABOUT_RETURN_TYPE = YES_ERROR;
				GCC_WARN_UNDECLARED_SELECTOR = YES;
				GCC_WARN_UNINITIALIZED_AUTOS = YES_AGGRESSIVE;
				GCC_WARN_UNUSED_FUNCTION = YES;
				GCC_WARN_UNUSED_VARIABLE = YES;
				IPHONEOS_DEPLOYMENT_TARGET = 16.0;
				LOCALIZATION_PREFERS_STRING_CATALOGS = YES;
				MTL_FAST_MATH = YES;
				SDKROOT = iphoneos;
				SWIFT_COMPILATION_MODE = wholemodule;
				VALIDATE_PRODUCT = YES;
			};
			name = Release;
		};
		B70A0000000000000000DD03 /* Debug */ = {
			isa = XCBuildConfiguration;
			buildSettings = {
				ASSETCATALOG_COMPILER_APPICON_NAME = AppIcon;
				ASSETCATALOG_COMPILER_GLOBAL_ACCENT_COLOR_NAME = AccentColor;
				CODE_SIGN_STYLE = Automatic;
				CURRENT_PROJECT_VERSION = 1;
				DEVELOPMENT_TEAM = "";
				GENERATE_INFOPLIST_FILE = YES;
				INFOPLIST_KEY_CFBundleDisplayName = "Anti Procrastinator";
				INFOPLIST_KEY_NSCalendarsUsageDescription = "Die App braucht Zugriff auf deinen Kalender um Termine zu synchronisieren.";
				INFOPLIST_KEY_UIApplicationSceneManifest_Generation = YES;
				INFOPLIST_KEY_UIApplicationSupportsIndirectInputEvents = YES;
				INFOPLIST_KEY_UILaunchScreen_Generation = YES;
				INFOPLIST_KEY_UISupportedInterfaceOrientations = UIInterfaceOrientationPortrait;
				INFOPLIST_KEY_UISupportedInterfaceOrientations_iPad = "UIInterfaceOrientationLandscapeLeft UIInterfaceOrientationLandscapeRight UIInterfaceOrientationPortrait UIInterfaceOrientationPortraitUpsideDown";
				LD_RUNPATH_SEARCH_PATHS = (
					"$(inherited)",
					"@executable_path/Frameworks",
				);
				MARKETING_VERSION = 1.0;
				PRODUCT_BUNDLE_IDENTIFIER = com.antiprocrastinator.app;
				PRODUCT_NAME = "$(TARGET_NAME)";
				SUPPORTED_PLATFORMS = "iphoneos iphonesimulator";
				SUPPORTS_MACCATALYST = NO;
				SWIFT_EMIT_LOC_STRINGS = YES;
				SWIFT_VERSION = 5.0;
				TARGETED_DEVICE_FAMILY = "1,2";
			};
			name = Debug;
		};
		B70A0000000000000000DD04 /* Release */ = {
			isa = XCBuildConfiguration;
			buildSettings = {
				ASSETCATALOG_COMPILER_APPICON_NAME = AppIcon;
				ASSETCATALOG_COMPILER_GLOBAL_ACCENT_COLOR_NAME = AccentColor;
				CODE_SIGN_STYLE = Automatic;
				CURRENT_PROJECT_VERSION = 1;
				DEVELOPMENT_TEAM = "";
				GENERATE_INFOPLIST_FILE = YES;
				INFOPLIST_KEY_CFBundleDisplayName = "Anti Procrastinator";
				INFOPLIST_KEY_NSCalendarsUsageDescription = "Die App braucht Zugriff auf deinen Kalender um Termine zu synchronisieren.";
				INFOPLIST_KEY_UIApplicationSceneManifest_Generation = YES;
				INFOPLIST_KEY_UIApplicationSupportsIndirectInputEvents = YES;
				INFOPLIST_KEY_UILaunchScreen_Generation = YES;
				INFOPLIST_KEY_UISupportedInterfaceOrientations = UIInterfaceOrientationPortrait;
				INFOPLIST_KEY_UISupportedInterfaceOrientations_iPad = "UIInterfaceOrientationLandscapeLeft UIInterfaceOrientationLandscapeRight UIInterfaceOrientationPortrait UIInterfaceOrientationPortraitUpsideDown";
				LD_RUNPATH_SEARCH_PATHS = (
					"$(inherited)",
					"@executable_path/Frameworks",
				);
				MARKETING_VERSION = 1.0;
				PRODUCT_BUNDLE_IDENTIFIER = com.antiprocrastinator.app;
				PRODUCT_NAME = "$(TARGET_NAME)";
				SUPPORTED_PLATFORMS = "iphoneos iphonesimulator";
				SUPPORTS_MACCATALYST = NO;
				SWIFT_EMIT_LOC_STRINGS = YES;
				SWIFT_VERSION = 5.0;
				TARGETED_DEVICE_FAMILY = "1,2";
			};
			name = Release;
		};
/* End XCBuildConfiguration section */

/* Begin XCConfigurationList section */
		B70A000000000000000000D3 /* Build configuration list for PBXProject "AntiProcrastinator" */ = {
			isa = XCConfigurationList;
			buildConfigurations = (
				B70A0000000000000000DD01 /* Debug */,
				B70A0000000000000000DD02 /* Release */,
			);
			defaultConfigurationIsVisible = 0;
			defaultConfigurationName = Release;
		};
		B70A000000000000000000D4 /* Build configuration list for PBXNativeTarget "AntiProcrastinator" */ = {
			isa = XCConfigurationList;
			buildConfigurations = (
				B70A0000000000000000DD03 /* Debug */,
				B70A0000000000000000DD04 /* Release */,
			);
			defaultConfigurationIsVisible = 0;
			defaultConfigurationName = Release;
		};
/* End XCConfigurationList section */
	};
	rootObject = B70A000000000000000000D1 /* Project object */;
}

